
Microsoft Visual Studio Solution File, Format Version 12.00
# Visual Studio Version 16
VisualStudioVersion = 16.0.28621.142
MinimumVisualStudioVersion = 10.0.40219.1
Project("{9A19103F-16F7-4668-BE54-9A1E7A4F7556}") = "EventFly", "src\EventFly\EventFly.csproj", "{294B5F75-4BF1-4CD1-AA98-1369A4E4ACDE}"
EndProject
Project("{2150E333-8FDC-42A3-9474-1A3956D46DE8}") = "src", "src", "{C7A99371-DCC0-4726-A971-E35C8CDF4768}"
EndProject
Project("{2150E333-8FDC-42A3-9474-1A3956D46DE8}") = "test", "test", "{86C56730-ABA0-411C-898C-5966EC483594}"
EndProject
Project("{9A19103F-16F7-4668-BE54-9A1E7A4F7556}") = "EventFly.Tests", "test\EventFly.Tests\EventFly.Tests.csproj", "{FE32A6E6-7356-43DE-996B-122878AD4FD9}"
EndProject
Project("{2150E333-8FDC-42A3-9474-1A3956D46DE8}") = "examples", "examples", "{7522402D-176E-4305-A68B-F3FFBFD38158}"
EndProject
Project("{2150E333-8FDC-42A3-9474-1A3956D46DE8}") = "simple", "simple", "{090ECC2F-5647-4B15-ABDF-2E1B44439626}"
	ProjectSection(SolutionItems) = preProject
		examples\simple\README.md = examples\simple\README.md
	EndProjectSection
EndProject
Project("{9A19103F-16F7-4668-BE54-9A1E7A4F7556}") = "EventFly.TestHelpers", "test\EventFly.TestHelpers\EventFly.TestHelpers.csproj", "{D9461EE2-175F-4F2B-AD75-FB93C09ABCDE}"
EndProject
Project("{9A19103F-16F7-4668-BE54-9A1E7A4F7556}") = "EventFly.Examples.Application", "examples\simple\EventFly.Examples.Application\EventFly.Examples.Application.csproj", "{2CD72C5D-ED7B-4669-ABE4-EEB3F039225C}"
EndProject
Project("{9A19103F-16F7-4668-BE54-9A1E7A4F7556}") = "EventFly.Examples.Domain", "examples\simple\EventFly.Examples.Domain\EventFly.Examples.Domain.csproj", "{F716A019-4FF5-4604-93A7-D4C9A994A290}"
EndProject
Project("{2150E333-8FDC-42A3-9474-1A3956D46DE8}") = "web", "web", "{2B7C892D-01E8-4FE5-A8BB-BBF130A42904}"
	ProjectSection(SolutionItems) = preProject
		examples\web\README.md = examples\web\README.md
	EndProjectSection
EndProject
Project("{9A19103F-16F7-4668-BE54-9A1E7A4F7556}") = "EventFly.Examples.Api", "examples\web\EventFly.Examples.Api\EventFly.Examples.Api.csproj", "{F70444F1-9EBE-4101-9152-BF9A98A97D4E}"
EndProject
Project("{2150E333-8FDC-42A3-9474-1A3956D46DE8}") = "postman", "postman", "{8811113F-775E-4371-8E71-942BD50844A6}"
	ProjectSection(SolutionItems) = preProject
		examples\web\PostmanCollection\EventFly.Api.Example.postman_collection.json = examples\web\PostmanCollection\EventFly.Api.Example.postman_collection.json
		examples\web\PostmanCollection\EventFly.Api.Example.postman_environment.json = examples\web\PostmanCollection\EventFly.Api.Example.postman_environment.json
	EndProjectSection
EndProject
Project("{2150E333-8FDC-42A3-9474-1A3956D46DE8}") = "build", "build", "{F1C674D3-CC23-4708-9903-7B3CD3565899}"
	ProjectSection(SolutionItems) = preProject
		build-master.yml = build-master.yml
		build-release.yml = build-release.yml
		master.yml = master.yml
		publish-release.yml = publish-release.yml
		build\README.md = build\README.md
		release.yml = release.yml
	EndProjectSection
EndProject
Project("{9A19103F-16F7-4668-BE54-9A1E7A4F7556}") = "EventFly.TestFixture", "src\EventFly.TestFixture\EventFly.TestFixture.csproj", "{0CB7A8CC-E3CD-481C-81C9-BA830DC32361}"
EndProject
Project("{2150E333-8FDC-42A3-9474-1A3956D46DE8}") = "jobs", "jobs", "{94E321E7-073B-4B06-874B-A411D6971A7F}"
	ProjectSection(SolutionItems) = preProject
		examples\jobs\README.md = examples\jobs\README.md
	EndProjectSection
EndProject
Project("{9A19103F-16F7-4668-BE54-9A1E7A4F7556}") = "EventFly.Examples.Jobs", "examples\jobs\EventFly.Examples.Jobs\EventFly.Examples.Jobs.csproj", "{D1FC3A57-86CD-4A83-8604-7811BF707022}"
EndProject
Project("{9A19103F-16F7-4668-BE54-9A1E7A4F7556}") = "EventFly.Examples.JobApplication", "examples\jobs\EventFly.Examples.JobApplication\EventFly.Examples.JobApplication.csproj", "{EDC2FA9D-B9DF-452C-8A7F-89237D891486}"
EndProject
Project("{9A19103F-16F7-4668-BE54-9A1E7A4F7556}") = "EventFly.Abstractions", "src\EventFly.Abstractions\EventFly.Abstractions.csproj", "{9769D18E-F55C-4A27-AD8A-9C253130F82F}"
EndProject
Project("{2150E333-8FDC-42A3-9474-1A3956D46DE8}") = "demo", "demo", "{F3CA8C69-92CA-4897-9CB2-4D40811BAAEE}"
EndProject
Project("{9A19103F-16F7-4668-BE54-9A1E7A4F7556}") = "Demo.Abstractions", "examples\demo\Demo.Abstractions\Demo.Abstractions.csproj", "{9BDF36BD-633D-4D70-937B-EB29C755D947}"
EndProject
Project("{9A19103F-16F7-4668-BE54-9A1E7A4F7556}") = "Demo.Domain", "examples\demo\Demo.Domain\Demo.Domain.csproj", "{D4D68713-CEAB-4975-AB4E-FC9540B85403}"
EndProject
Project("{9A19103F-16F7-4668-BE54-9A1E7A4F7556}") = "Demo.Host", "examples\demo\Demo.Host\Demo.Host.csproj", "{A2D750B4-0C1C-4405-9CA7-2565BBBFE18A}"
EndProject
Project("{9A19103F-16F7-4668-BE54-9A1E7A4F7556}") = "EventFly.Storages.EntityFramework", "src\EventFly.Storages.EntityFramework\EventFly.Storages.EntityFramework.csproj", "{36C23311-942F-4822-A817-6DFBFA260C52}"
EndProject
Project("{9A19103F-16F7-4668-BE54-9A1E7A4F7556}") = "Demo.Db", "examples\demo\Demo.Db\Demo.Db.csproj", "{050F4344-9C7A-4184-BBD9-1EE5348BC87F}"
EndProject
Project("{9A19103F-16F7-4668-BE54-9A1E7A4F7556}") = "EventFly.Web", "src\EventFly.Web\EventFly.Web.csproj", "{0B4FF7BD-CDD0-4DA4-9E9E-A56600ADEDBA}"
EndProject
Project("{9A19103F-16F7-4668-BE54-9A1E7A4F7556}") = "Demo.Web", "examples\demo\Demo.Web\Demo.Web.csproj", "{9AF8A2F1-E35A-4426-B38E-67B96B1A05AE}"
EndProject
Project("{9A19103F-16F7-4668-BE54-9A1E7A4F7556}") = "Demo.Dependencies", "examples\demo\Demo.Dependencies\Demo.Dependencies\Demo.Dependencies.csproj", "{478A479B-E6D5-4DE0-9C22-64B0EFF8A16C}"
EndProject
Global
	GlobalSection(SolutionConfigurationPlatforms) = preSolution
		Debug|Any CPU = Debug|Any CPU
		Release|Any CPU = Release|Any CPU
	EndGlobalSection
	GlobalSection(ProjectConfigurationPlatforms) = postSolution
		{294B5F75-4BF1-4CD1-AA98-1369A4E4ACDE}.Debug|Any CPU.ActiveCfg = Debug|Any CPU
		{294B5F75-4BF1-4CD1-AA98-1369A4E4ACDE}.Debug|Any CPU.Build.0 = Debug|Any CPU
		{294B5F75-4BF1-4CD1-AA98-1369A4E4ACDE}.Release|Any CPU.ActiveCfg = Release|Any CPU
		{294B5F75-4BF1-4CD1-AA98-1369A4E4ACDE}.Release|Any CPU.Build.0 = Release|Any CPU
		{FE32A6E6-7356-43DE-996B-122878AD4FD9}.Debug|Any CPU.ActiveCfg = Debug|Any CPU
		{FE32A6E6-7356-43DE-996B-122878AD4FD9}.Debug|Any CPU.Build.0 = Debug|Any CPU
		{FE32A6E6-7356-43DE-996B-122878AD4FD9}.Release|Any CPU.ActiveCfg = Release|Any CPU
		{FE32A6E6-7356-43DE-996B-122878AD4FD9}.Release|Any CPU.Build.0 = Release|Any CPU
		{D9461EE2-175F-4F2B-AD75-FB93C09ABCDE}.Debug|Any CPU.ActiveCfg = Debug|Any CPU
		{D9461EE2-175F-4F2B-AD75-FB93C09ABCDE}.Debug|Any CPU.Build.0 = Debug|Any CPU
		{D9461EE2-175F-4F2B-AD75-FB93C09ABCDE}.Release|Any CPU.ActiveCfg = Release|Any CPU
		{D9461EE2-175F-4F2B-AD75-FB93C09ABCDE}.Release|Any CPU.Build.0 = Release|Any CPU
		{2CD72C5D-ED7B-4669-ABE4-EEB3F039225C}.Debug|Any CPU.ActiveCfg = Debug|Any CPU
		{2CD72C5D-ED7B-4669-ABE4-EEB3F039225C}.Debug|Any CPU.Build.0 = Debug|Any CPU
		{2CD72C5D-ED7B-4669-ABE4-EEB3F039225C}.Release|Any CPU.ActiveCfg = Release|Any CPU
		{2CD72C5D-ED7B-4669-ABE4-EEB3F039225C}.Release|Any CPU.Build.0 = Release|Any CPU
		{F716A019-4FF5-4604-93A7-D4C9A994A290}.Debug|Any CPU.ActiveCfg = Debug|Any CPU
		{F716A019-4FF5-4604-93A7-D4C9A994A290}.Debug|Any CPU.Build.0 = Debug|Any CPU
		{F716A019-4FF5-4604-93A7-D4C9A994A290}.Release|Any CPU.ActiveCfg = Release|Any CPU
		{F716A019-4FF5-4604-93A7-D4C9A994A290}.Release|Any CPU.Build.0 = Release|Any CPU
		{F70444F1-9EBE-4101-9152-BF9A98A97D4E}.Debug|Any CPU.ActiveCfg = Debug|Any CPU
		{F70444F1-9EBE-4101-9152-BF9A98A97D4E}.Debug|Any CPU.Build.0 = Debug|Any CPU
		{F70444F1-9EBE-4101-9152-BF9A98A97D4E}.Release|Any CPU.ActiveCfg = Release|Any CPU
		{F70444F1-9EBE-4101-9152-BF9A98A97D4E}.Release|Any CPU.Build.0 = Release|Any CPU
		{0CB7A8CC-E3CD-481C-81C9-BA830DC32361}.Debug|Any CPU.ActiveCfg = Debug|Any CPU
		{0CB7A8CC-E3CD-481C-81C9-BA830DC32361}.Debug|Any CPU.Build.0 = Debug|Any CPU
		{0CB7A8CC-E3CD-481C-81C9-BA830DC32361}.Release|Any CPU.ActiveCfg = Release|Any CPU
		{0CB7A8CC-E3CD-481C-81C9-BA830DC32361}.Release|Any CPU.Build.0 = Release|Any CPU
		{D1FC3A57-86CD-4A83-8604-7811BF707022}.Debug|Any CPU.ActiveCfg = Debug|Any CPU
		{D1FC3A57-86CD-4A83-8604-7811BF707022}.Debug|Any CPU.Build.0 = Debug|Any CPU
		{D1FC3A57-86CD-4A83-8604-7811BF707022}.Release|Any CPU.ActiveCfg = Release|Any CPU
		{D1FC3A57-86CD-4A83-8604-7811BF707022}.Release|Any CPU.Build.0 = Release|Any CPU
		{EDC2FA9D-B9DF-452C-8A7F-89237D891486}.Debug|Any CPU.ActiveCfg = Debug|Any CPU
		{EDC2FA9D-B9DF-452C-8A7F-89237D891486}.Debug|Any CPU.Build.0 = Debug|Any CPU
		{EDC2FA9D-B9DF-452C-8A7F-89237D891486}.Release|Any CPU.ActiveCfg = Release|Any CPU
		{EDC2FA9D-B9DF-452C-8A7F-89237D891486}.Release|Any CPU.Build.0 = Release|Any CPU
		{9769D18E-F55C-4A27-AD8A-9C253130F82F}.Debug|Any CPU.ActiveCfg = Debug|Any CPU
		{9769D18E-F55C-4A27-AD8A-9C253130F82F}.Debug|Any CPU.Build.0 = Debug|Any CPU
		{9769D18E-F55C-4A27-AD8A-9C253130F82F}.Release|Any CPU.ActiveCfg = Release|Any CPU
		{9769D18E-F55C-4A27-AD8A-9C253130F82F}.Release|Any CPU.Build.0 = Release|Any CPU
		{9BDF36BD-633D-4D70-937B-EB29C755D947}.Debug|Any CPU.ActiveCfg = Debug|Any CPU
		{9BDF36BD-633D-4D70-937B-EB29C755D947}.Debug|Any CPU.Build.0 = Debug|Any CPU
		{9BDF36BD-633D-4D70-937B-EB29C755D947}.Release|Any CPU.ActiveCfg = Release|Any CPU
		{9BDF36BD-633D-4D70-937B-EB29C755D947}.Release|Any CPU.Build.0 = Release|Any CPU
		{D4D68713-CEAB-4975-AB4E-FC9540B85403}.Debug|Any CPU.ActiveCfg = Debug|Any CPU
		{D4D68713-CEAB-4975-AB4E-FC9540B85403}.Debug|Any CPU.Build.0 = Debug|Any CPU
		{D4D68713-CEAB-4975-AB4E-FC9540B85403}.Release|Any CPU.ActiveCfg = Release|Any CPU
		{D4D68713-CEAB-4975-AB4E-FC9540B85403}.Release|Any CPU.Build.0 = Release|Any CPU
		{A2D750B4-0C1C-4405-9CA7-2565BBBFE18A}.Debug|Any CPU.ActiveCfg = Debug|Any CPU
		{A2D750B4-0C1C-4405-9CA7-2565BBBFE18A}.Debug|Any CPU.Build.0 = Debug|Any CPU
		{A2D750B4-0C1C-4405-9CA7-2565BBBFE18A}.Release|Any CPU.ActiveCfg = Release|Any CPU
		{A2D750B4-0C1C-4405-9CA7-2565BBBFE18A}.Release|Any CPU.Build.0 = Release|Any CPU
		{36C23311-942F-4822-A817-6DFBFA260C52}.Debug|Any CPU.ActiveCfg = Debug|Any CPU
		{36C23311-942F-4822-A817-6DFBFA260C52}.Debug|Any CPU.Build.0 = Debug|Any CPU
		{36C23311-942F-4822-A817-6DFBFA260C52}.Release|Any CPU.ActiveCfg = Release|Any CPU
		{36C23311-942F-4822-A817-6DFBFA260C52}.Release|Any CPU.Build.0 = Release|Any CPU
		{050F4344-9C7A-4184-BBD9-1EE5348BC87F}.Debug|Any CPU.ActiveCfg = Debug|Any CPU
		{050F4344-9C7A-4184-BBD9-1EE5348BC87F}.Debug|Any CPU.Build.0 = Debug|Any CPU
		{050F4344-9C7A-4184-BBD9-1EE5348BC87F}.Release|Any CPU.ActiveCfg = Release|Any CPU
		{050F4344-9C7A-4184-BBD9-1EE5348BC87F}.Release|Any CPU.Build.0 = Release|Any CPU
		{0B4FF7BD-CDD0-4DA4-9E9E-A56600ADEDBA}.Debug|Any CPU.ActiveCfg = Debug|Any CPU
		{0B4FF7BD-CDD0-4DA4-9E9E-A56600ADEDBA}.Debug|Any CPU.Build.0 = Debug|Any CPU
		{0B4FF7BD-CDD0-4DA4-9E9E-A56600ADEDBA}.Release|Any CPU.ActiveCfg = Release|Any CPU
		{0B4FF7BD-CDD0-4DA4-9E9E-A56600ADEDBA}.Release|Any CPU.Build.0 = Release|Any CPU
		{9AF8A2F1-E35A-4426-B38E-67B96B1A05AE}.Debug|Any CPU.ActiveCfg = Debug|Any CPU
		{9AF8A2F1-E35A-4426-B38E-67B96B1A05AE}.Debug|Any CPU.Build.0 = Debug|Any CPU
		{9AF8A2F1-E35A-4426-B38E-67B96B1A05AE}.Release|Any CPU.ActiveCfg = Release|Any CPU
		{9AF8A2F1-E35A-4426-B38E-67B96B1A05AE}.Release|Any CPU.Build.0 = Release|Any CPU
		{478A479B-E6D5-4DE0-9C22-64B0EFF8A16C}.Debug|Any CPU.ActiveCfg = Debug|Any CPU
		{478A479B-E6D5-4DE0-9C22-64B0EFF8A16C}.Debug|Any CPU.Build.0 = Debug|Any CPU
		{478A479B-E6D5-4DE0-9C22-64B0EFF8A16C}.Release|Any CPU.ActiveCfg = Release|Any CPU
		{478A479B-E6D5-4DE0-9C22-64B0EFF8A16C}.Release|Any CPU.Build.0 = Release|Any CPU
	EndGlobalSection
	GlobalSection(SolutionProperties) = preSolution
		HideSolutionNode = FALSE
	EndGlobalSection
	GlobalSection(NestedProjects) = preSolution
		{294B5F75-4BF1-4CD1-AA98-1369A4E4ACDE} = {C7A99371-DCC0-4726-A971-E35C8CDF4768}
		{FE32A6E6-7356-43DE-996B-122878AD4FD9} = {86C56730-ABA0-411C-898C-5966EC483594}
		{090ECC2F-5647-4B15-ABDF-2E1B44439626} = {7522402D-176E-4305-A68B-F3FFBFD38158}
		{D9461EE2-175F-4F2B-AD75-FB93C09ABCDE} = {86C56730-ABA0-411C-898C-5966EC483594}
		{2CD72C5D-ED7B-4669-ABE4-EEB3F039225C} = {090ECC2F-5647-4B15-ABDF-2E1B44439626}
		{F716A019-4FF5-4604-93A7-D4C9A994A290} = {090ECC2F-5647-4B15-ABDF-2E1B44439626}
		{2B7C892D-01E8-4FE5-A8BB-BBF130A42904} = {7522402D-176E-4305-A68B-F3FFBFD38158}
		{F70444F1-9EBE-4101-9152-BF9A98A97D4E} = {2B7C892D-01E8-4FE5-A8BB-BBF130A42904}
		{8811113F-775E-4371-8E71-942BD50844A6} = {2B7C892D-01E8-4FE5-A8BB-BBF130A42904}
		{0CB7A8CC-E3CD-481C-81C9-BA830DC32361} = {C7A99371-DCC0-4726-A971-E35C8CDF4768}
		{94E321E7-073B-4B06-874B-A411D6971A7F} = {7522402D-176E-4305-A68B-F3FFBFD38158}
		{D1FC3A57-86CD-4A83-8604-7811BF707022} = {94E321E7-073B-4B06-874B-A411D6971A7F}
		{EDC2FA9D-B9DF-452C-8A7F-89237D891486} = {94E321E7-073B-4B06-874B-A411D6971A7F}
		{9769D18E-F55C-4A27-AD8A-9C253130F82F} = {C7A99371-DCC0-4726-A971-E35C8CDF4768}
		{F3CA8C69-92CA-4897-9CB2-4D40811BAAEE} = {7522402D-176E-4305-A68B-F3FFBFD38158}
		{9BDF36BD-633D-4D70-937B-EB29C755D947} = {F3CA8C69-92CA-4897-9CB2-4D40811BAAEE}
		{D4D68713-CEAB-4975-AB4E-FC9540B85403} = {F3CA8C69-92CA-4897-9CB2-4D40811BAAEE}
		{A2D750B4-0C1C-4405-9CA7-2565BBBFE18A} = {F3CA8C69-92CA-4897-9CB2-4D40811BAAEE}
		{36C23311-942F-4822-A817-6DFBFA260C52} = {C7A99371-DCC0-4726-A971-E35C8CDF4768}
		{050F4344-9C7A-4184-BBD9-1EE5348BC87F} = {F3CA8C69-92CA-4897-9CB2-4D40811BAAEE}
		{0B4FF7BD-CDD0-4DA4-9E9E-A56600ADEDBA} = {C7A99371-DCC0-4726-A971-E35C8CDF4768}
		{9AF8A2F1-E35A-4426-B38E-67B96B1A05AE} = {F3CA8C69-92CA-4897-9CB2-4D40811BAAEE}
		{478A479B-E6D5-4DE0-9C22-64B0EFF8A16C} = {F3CA8C69-92CA-4897-9CB2-4D40811BAAEE}
	EndGlobalSection
	GlobalSection(ExtensibilityGlobals) = postSolution
		SolutionGuid = {F5A40806-ED71-4286-A37C-BE0364FA29A6}
	EndGlobalSection
EndGlobal
